
Microsoft Visual Studio Solution File, Format Version 12.00
# Visual Studio Version 16
VisualStudioVersion = 16.0.28803.452
MinimumVisualStudioVersion = 10.0.40219.1
Project("{9A19103F-16F7-4668-BE54-9A1E7A4F7556}") = "Describes", "Describes\Describes.csproj", "{F7B452FE-3F84-4665-A67D-A34970F06D22}"
EndProject
Project("{FAE04EC0-301F-11D3-BF4B-00C04F79EFBC}") = "Describes.Services", "Describes.Services\Describes.Services.csproj", "{C322315D-0E5A-4AB2-A4BE-413038DBB903}"
EndProject
Global
	GlobalSection(SolutionConfigurationPlatforms) = preSolution
		Debug|Any CPU = Debug|Any CPU
		Release|Any CPU = Release|Any CPU
	EndGlobalSection
	GlobalSection(ProjectConfigurationPlatforms) = postSolution
		{F7B452FE-3F84-4665-A67D-A34970F06D22}.Debug|Any CPU.ActiveCfg = Debug|Any CPU
		{F7B452FE-3F84-4665-A67D-A34970F06D22}.Debug|Any CPU.Build.0 = Debug|Any CPU
		{F7B452FE-3F84-4665-A67D-A34970F06D22}.Release|Any CPU.ActiveCfg = Release|Any CPU
		{F7B452FE-3F84-4665-A67D-A34970F06D22}.Release|Any CPU.Build.0 = Release|Any CPU
		{C322315D-0E5A-4AB2-A4BE-413038DBB903}.Debug|Any CPU.ActiveCfg = Debug|Any CPU
		{C322315D-0E5A-4AB2-A4BE-413038DBB903}.Debug|Any CPU.Build.0 = Debug|Any CPU
		{C322315D-0E5A-4AB2-A4BE-413038DBB903}.Release|Any CPU.ActiveCfg = Release|Any CPU
		{C322315D-0E5A-4AB2-A4BE-413038DBB903}.Release|Any CPU.Build.0 = Release|Any CPU
	EndGlobalSection
	GlobalSection(SolutionProperties) = preSolution
		HideSolutionNode = FALSE
	EndGlobalSection
	GlobalSection(ExtensibilityGlobals) = postSolution
		SolutionGuid = {5E96AA9C-5ACA-4403-BD21-1671B645B5CD}
	EndGlobalSection
EndGlobal
